%{"conform": {:hex, :conform, "2.1.2", "52ab052a92837406917661ed79211163456ddf653a2701709e232778bde8b49a", [:mix], [{:neotoma, "~> 1.7.3", [hex: :neotoma, optional: false]}]},
  "distillery": {:hex, :distillery, "1.1.2", "4cf32ecc70ca7eecca9e52e111edf320bd78011050825863cd8bc7ffee686c5d", [:mix], []},
  "earmark": {:hex, :earmark, "1.2.2", "f718159d6b65068e8daeef709ccddae5f7fdc770707d82e7d126f584cd925b74", [:mix], [], "hexpm"},
  "ex_doc": {:hex, :ex_doc, "0.16.1", "b4b8a23602b4ce0e9a5a960a81260d1f7b29635b9652c67e95b0c2f7ccee5e81", [:mix], [{:earmark, "~> 1.1", [hex: :earmark, repo: "hexpm", optional: false]}], "hexpm"},
  "exprintf": {:hex, :exprintf, "0.2.1", "b7e895dfb00520cfb7fc1671303b63b37dc3897c59be7cbf1ae62f766a8a0314", [:mix], [], "hexpm"},
  "exprof": {:hex, :exprof, "0.2.0", "b03f50d0d33e2f18c8e047d9188ba765dc32daba0b553ed717a98a78561d5eaf", [:mix], [{:exprintf, "~> 0.1", [hex: :exprintf, repo: "hexpm", optional: false]}], "hexpm"},
  "hkdf": {:hex, :hkdf, "0.1.0", "24f5bb27eb2b00f183004e403eaea813ed3ad7da0c3ddec259871b10ae3fa4a9", [], [], "hexpm"},
  "neotoma": {:hex, :neotoma, "1.7.3", "d8bd5404b73273989946e4f4f6d529e5c2088f5fa1ca790b4dbe81f4be408e61", [:rebar], []},
  "socket": {:hex, :socket, "0.3.12", "4a6543815136503fee67eff0932da1742fad83f84c49130c854114153cc549a6", [:mix], [], "hexpm"}}
